<Solution>
  <Folder Name="/src/">
    <Project Path="src/Fermata.Claude/Fermata.Claude.csproj" />
    <Project Path="src/Fermata.Cli/Fermata.Cli.csproj" />
    <Project Path="src/Fermata.Codex/Fermata.Codex.csproj" />
    <Project Path="src/Fermata.Core/Fermata.Core.csproj" />
    <Project Path="src/Fermata.Desktop/Fermata.Desktop.csproj" />
    <Project Path="src/Fermata.Platform/Fermata.Platform.csproj" />
  </Folder>
  <Folder Name="/tests/">
    <Project Path="tests/Fermata.Codex.Tests/Fermata.Codex.Tests.csproj" />
    <Project Path="tests/Fermata.Core.Tests/Fermata.Core.Tests.csproj" />
    <Project Path="tests/Fermata.Desktop.Tests/Fermata.Desktop.Tests.csproj" />
  </Folder>
</Solution>
